// !$*UTF8*$!
{
	archiveVersion = 1;
	classes = {
	};
	objectVersion = 46;
	objects = {

/* Begin PBXBuildFile section */
		FC87349E1D02E1C400EB06AC /* main.m in Sources */ = {isa = PBXBuildFile; fileRef = FC87349D1D02E1C400EB06AC /* main.m */; };
		FC8734A11D02E1C400EB06AC /* AppDelegate.m in Sources */ = {isa = PBXBuildFile; fileRef = FC8734A01D02E1C400EB06AC /* AppDelegate.m */; };
		FC8734A41D02E1C400EB06AC /* ViewController.m in Sources */ = {isa = PBXBuildFile; fileRef = FC8734A31D02E1C400EB06AC /* ViewController.m */; };
		FC8734A71D02E1C400EB06AC /* Main.storyboard in Resources */ = {isa = PBXBuildFile; fileRef = FC8734A51D02E1C400EB06AC /* Main.storyboard */; };
		FC8734A91D02E1C400EB06AC /* Assets.xcassets in Resources */ = {isa = PBXBuildFile; fileRef = FC8734A81D02E1C400EB06AC /* Assets.xcassets */; };
		FC8734AC1D02E1C400EB06AC /* LaunchScreen.storyboard in Resources */ = {isa = PBXBuildFile; fileRef = FC8734AA1D02E1C400EB06AC /* LaunchScreen.storyboard */; };
/* End PBXBuildFile section */

/* Begin PBXFileReference section */
		FC8734991D02E1C400EB06AC /* ScrollView.app */ = {isa = PBXFileReference; explicitFileType = wrapper.application; includeInIndex = 0; path = ScrollView.app; sourceTree = BUILT_PRODUCTS_DIR; };
		FC87349D1D02E1C400EB06AC /* main.m */ = {isa = PBXFileReference; lastKnownFileType = sourcecode.c.objc; path = main.m; sourceTree = "<group>"; };
		FC87349F1D02E1C400EB06AC /* AppDelegate.h */ = {isa = PBXFileReference; lastKnownFileType = sourcecode.c.h; path = AppDelegate.h; sourceTree = "<group>"; };
		FC8734A01D02E1C400EB06AC /* AppDelegate.m */ = {isa = PBXFileReference; lastKnownFileType = sourcecode.c.objc; path = AppDelegate.m; sourceTree = "<group>"; };
		FC8734A21D02E1C400EB06AC /* ViewController.h */ = {isa = PBXFileReference; lastKnownFileType = sourcecode.c.h; path = ViewController.h; sourceTree = "<group>"; };
		FC8734A31D02E1C400EB06AC /* ViewController.m */ = {isa = PBXFileReference; lastKnownFileType = sourcecode.c.objc; path = ViewController.m; sourceTree = "<group>"; };
		FC8734A61D02E1C400EB06AC /* Base */ = {isa = PBXFileReference; lastKnownFileType = file.storyboard; name = Base; path = Base.lproj/Main.storyboard; sourceTree = "<group>"; };
		FC8734A81D02E1C400EB06AC /* Assets.xcassets */ = {isa = PBXFileReference; lastKnownFileType = folder.assetcatalog; path = Assets.xcassets; sourceTree = "<group>"; };
		FC8734AB1D02E1C400EB06AC /* Base */ = {isa = PBXFileReference; lastKnownFileType = file.storyboard; name = Base; path = Base.lproj/LaunchScreen.storyboard; sourceTree = "<group>"; };
		FC8734AD1D02E1C400EB06AC /* Info.plist */ = {isa = PBXFileReference; lastKnownFileType = text.plist.xml; path = Info.plist; sourceTree = "<group>"; };
/* End PBXFileReference section */

/* Begin PBXFrameworksBuildPhase section */
		FC8734961D02E1C400EB06AC /* Frameworks */ = {
			isa = PBXFrameworksBuildPhase;
			buildActionMask = 2147483647;
			files = (
			);
			runOnlyForDeploymentPostprocessing = 0;
		};
/* End PBXFrameworksBuildPhase section */

/* Begin PBXGroup section */
		FC8734901D02E1C400EB06AC = {
			isa = PBXGroup;
			children = (
				FC87349B1D02E1C400EB06AC /* ScrollView */,
				FC87349A1D02E1C400EB06AC /* Products */,
			);
			sourceTree = "<group>";
		};
		FC87349A1D02E1C400EB06AC /* Products */ = {
			isa = PBXGroup;
			children = (
				FC8734991D02E1C400EB06AC /* ScrollView.app */,
			);
			name = Products;
			sourceTree = "<group>";
		};
		FC87349B1D02E1C400EB06AC /* ScrollView */ = {
			isa = PBXGroup;
			children = (
				FC87349F1D02E1C400EB06AC /* AppDelegate.h */,
				FC8734A01D02E1C400EB06AC /* AppDelegate.m */,
				FC8734A21D02E1C400EB06AC /* ViewController.h */,
				FC8734A31D02E1C400EB06AC /* ViewController.m */,
				FC8734A51D02E1C400EB06AC /* Main.storyboard */,
				FC8734A81D02E1C400EB06AC /* Assets.xcassets */,
				FC8734AA1D02E1C400EB06AC /* LaunchScreen.storyboard */,
				FC8734AD1D02E1C400EB06AC /* Info.plist */,
				FC87349C1D02E1C400EB06AC /* Supporting Files */,
			);
			path = ScrollView;
			sourceTree = "<group>";
		};
		FC87349C1D02E1C400EB06AC /* Supporting Files */ = {
			isa = PBXGroup;
			children = (
				FC87349D1D02E1C400EB06AC /* main.m */,
			);
			name = "Supporting Files";
			sourceTree = "<group>";
		};
/* End PBXGroup section */

/* Begin PBXNativeTarget section */
		FC8734981D02E1C400EB06AC /* ScrollView */ = {
			isa = PBXNativeTarget;
			buildConfigurationList = FC8734B01D02E1C400EB06AC /* Build configuration list for PBXNativeTarget "ScrollView" */;
			buildPhases = (
				FC8734951D02E1C400EB06AC /* Sources */,
				FC8734961D02E1C400EB06AC /* Frameworks */,
				FC8734971D02E1C400EB06AC /* Resources */,
			);
			buildRules = (
			);
			dependencies = (
			);
			name = ScrollView;
			productName = ScrollView;
			productReference = FC8734991D02E1C400EB06AC /* ScrollView.app */;
			productType = "com.apple.product-type.application";
		};
/* End PBXNativeTarget section */

/* Begin PBXProject section */
		FC8734911D02E1C400EB06AC /* Project object */ = {
			isa = PBXProject;
			attributes = {
				LastUpgradeCheck = 0710;
				ORGANIZATIONNAME = Umesh;
				TargetAttributes = {
					FC8734981D02E1C400EB06AC = {
						CreatedOnToolsVersion = 7.1;
					};
				};
			};
			buildConfigurationList = FC8734941D02E1C400EB06AC /* Build configuration list for PBXProject "ScrollView" */;
			compatibilityVersion = "Xcode 3.2";
			developmentRegion = English;
			hasScannedForEncodings = 0;
			knownRegions = (
				en,
				Base,
			);
			mainGroup = FC8734901D02E1C400EB06AC;
			productRefGroup = FC87349A1D02E1C400EB06AC /* Products */;
			projectDirPath = "";
			projectRoot = "";
			targets = (
				FC8734981D02E1C400EB06AC /* ScrollView */,
			);
		};
/* End PBXProject section */

/* Begin PBXResourcesBuildPhase section */
		FC8734971D02E1C400EB06AC /* Resources */ = {
			isa = PBXResourcesBuildPhase;
			buildActionMask = 2147483647;
			files = (
				FC8734AC1D02E1C400EB06AC /* LaunchScreen.storyboard in Resources */,
				FC8734A91D02E1C400EB06AC /* Assets.xcassets in Resources */,
				FC8734A71D02E1C400EB06AC /* Main.storyboard in Resources */,
			);
			runOnlyForDeploymentPostprocessing = 0;
		};
/* End PBXResourcesBuildPhase section */

/* Begin PBXSourcesBuildPhase section */
		FC8734951D02E1C400EB06AC /* Sources */ = {
			isa = PBXSourcesBuildPhase;
			buildActionMask = 2147483647;
			files = (
				FC8734A41D02E1C400EB06AC /* ViewController.m in Sources */,
				FC8734A11D02E1C400EB06AC /* AppDelegate.m in Sources */,
				FC87349E1D02E1C400EB06AC /* main.m in Sources */,
			);
			runOnlyForDeploymentPostprocessing = 0;
		};
/* End PBXSourcesBuildPhase section */

/* Begin PBXVariantGroup section */
		FC8734A51D02E1C400EB06AC /* Main.storyboard */ = {
			isa = PBXVariantGroup;
			children = (
				FC8734A61D02E1C400EB06AC /* Base */,
			);
			name = Main.storyboard;
			sourceTree = "<group>";
		};
		FC8734AA1D02E1C400EB06AC /* LaunchScreen.storyboard */ = {
			isa = PBXVariantGroup;
			children = (
				FC8734AB1D02E1C400EB06AC /* Base */,
			);
			name = LaunchScreen.storyboard;
			sourceTree = "<group>";
		};
/* End PBXVariantGroup section */

/* Begin XCBuildConfiguration section */
		FC8734AE1D02E1C400EB06AC /* Debug */ = {
			isa = XCBuildConfiguration;
			buildSettings = {
				ALWAYS_SEARCH_USER_PATHS = NO;
				CLANG_CXX_LANGUAGE_STANDARD = "gnu++0x";
				CLANG_CXX_LIBRARY = "libc++";
				CLANG_ENABLE_MODULES = YES;
				CLANG_ENABLE_OBJC_ARC = YES;
				CLANG_WARN_BOOL_CONVERSION = YES;
				CLANG_WARN_CONSTANT_CONVERSION = YES;
				CLANG_WARN_DIRECT_OBJC_ISA_USAGE = YES_ERROR;
				CLANG_WARN_EMPTY_BODY = YES;
				CLANG_WARN_ENUM_CONVERSION = YES;
				CLANG_WARN_INT_CONVERSION = YES;
				CLANG_WARN_OBJC_ROOT_CLASS = YES_ERROR;
				CLANG_WARN_UNREACHABLE_CODE = YES;
				CLANG_WARN__DUPLICATE_METHOD_MATCH = YES;
				"CODE_SIGN_IDENTITY[sdk=iphoneos*]" = "iPhone Developer";
				COPY_PHASE_STRIP = NO;
				DEBUG_INFORMATION_FORMAT = dwarf;
				ENABLE_STRICT_OBJC_MSGSEND = YES;
				ENABLE_TESTABILITY = YES;
				GCC_C_LANGUAGE_STANDARD = gnu99;
				GCC_DYNAMIC_NO_PIC = NO;
				GCC_NO_COMMON_BLOCKS = YES;
				GCC_OPTIMIZATION_LEVEL = 0;
				GCC_PREPROCESSOR_DEFINITIONS = (
					"DEBUG=1",
					"$(inherited)",
				);
				GCC_WARN_64_TO_32_BIT_CONVERSION = YES;
				GCC_WARN_ABOUT_RETURN_TYPE = YES_ERROR;
				GCC_WARN_UNDECLARED_SELECTOR = YES;
				GCC_WARN_UNINITIALIZED_AUTOS = YES_AGGRESSIVE;
				GCC_WARN_UNUSED_FUNCTION = YES;
				GCC_WARN_UNUSED_VARIABLE = YES;
				IPHONEOS_DEPLOYMENT_TARGET = 9.1;
				MTL_ENABLE_DEBUG_INFO = YES;
				ONLY_ACTIVE_ARCH = YES;
				SDKROOT = iphoneos;
				TARGETED_DEVICE_FAMILY = "1,2";
			};
			name = Debug;
		};
		FC8734AF1D02E1C400EB06AC /* Release */ = {
			isa = XCBuildConfiguration;
			buildSettings = {
				ALWAYS_SEARCH_USER_PATHS = NO;
				CLANG_CXX_LANGUAGE_STANDARD = "gnu++0x";
				CLANG_CXX_LIBRARY = "libc++";
				CLANG_ENABLE_MODULES = YES;
				CLANG_ENABLE_OBJC_ARC = YES;
				CLANG_WARN_BOOL_CONVERSION = YES;
				CLANG_WARN_CONSTANT_CONVERSION = YES;
				CLANG_WARN_DIRECT_OBJC_ISA_USAGE = YES_ERROR;
				CLANG_WARN_EMPTY_BODY = YES;
				CLANG_WARN_ENUM_CONVERSION = YES;
				CLANG_WARN_INT_CONVERSION = YES;
				CLANG_WARN_OBJC_ROOT_CLASS = YES_ERROR;
				CLANG_WARN_UNREACHABLE_CODE = YES;
				CLANG_WARN__DUPLICATE_METHOD_MATCH = YES;
				"CODE_SIGN_IDENTITY[sdk=iphoneos*]" = "iPhone Developer";
				COPY_PHASE_STRIP = NO;
				DEBUG_INFORMATION_FORMAT = "dwarf-with-dsym";
				ENABLE_NS_ASSERTIONS = NO;
				ENABLE_STRICT_OBJC_MSGSEND = YES;
				GCC_C_LANGUAGE_STANDARD = gnu99;
				GCC_NO_COMMON_BLOCKS = YES;
				GCC_WARN_64_TO_32_BIT_CONVERSION = YES;
				GCC_WARN_ABOUT_RETURN_TYPE = YES_ERROR;
				GCC_WARN_UNDECLARED_SELECTOR = YES;
				GCC_WARN_UNINITIALIZED_AUTOS = YES_AGGRESSIVE;
				GCC_WARN_UNUSED_FUNCTION = YES;
				GCC_WARN_UNUSED_VARIABLE = YES;
				IPHONEOS_DEPLOYMENT_TARGET = 9.1;
				MTL_ENABLE_DEBUG_INFO = NO;
				SDKROOT = iphoneos;
				TARGETED_DEVICE_FAMILY = "1,2";
				VALIDATE_PRODUCT = YES;
			};
			name = Release;
		};
		FC8734B11D02E1C400EB06AC /* Debug */ = {
			isa = XCBuildConfiguration;
			buildSettings = {
				ASSETCATALOG_COMPILER_APPICON_NAME = AppIcon;
				INFOPLIST_FILE = ScrollView/Info.plist;
				LD_RUNPATH_SEARCH_PATHS = "$(inherited) @executable_path/Frameworks";
				PRODUCT_BUNDLE_IDENTIFIER = com.codekul.ScrollView;
				PRODUCT_NAME = "$(TARGET_NAME)";
			};
			name = Debug;
		};
		FC8734B21D02E1C400EB06AC /* Release */ = {
			isa = XCBuildConfiguration;
			buildSettings = {
				ASSETCATALOG_COMPILER_APPICON_NAME = AppIcon;
				INFOPLIST_FILE = ScrollView/Info.plist;
				LD_RUNPATH_SEARCH_PATHS = "$(inherited) @executable_path/Frameworks";
				PRODUCT_BUNDLE_IDENTIFIER = com.codekul.ScrollView;
				PRODUCT_NAME = "$(TARGET_NAME)";
			};
			name = Release;
		};
/* End XCBuildConfiguration section */

/* Begin XCConfigurationList section */
		FC8734941D02E1C400EB06AC /* Build configuration list for PBXProject "ScrollView" */ = {
			isa = XCConfigurationList;
			buildConfigurations = (
				FC8734AE1D02E1C400EB06AC /* Debug */,
				FC8734AF1D02E1C400EB06AC /* Release */,
			);
			defaultConfigurationIsVisible = 0;
			defaultConfigurationName = Release;
		};
		FC8734B01D02E1C400EB06AC /* Build configuration list for PBXNativeTarget "ScrollView" */ = {
			isa = XCConfigurationList;
			buildConfigurations = (
				FC8734B11D02E1C400EB06AC /* Debug */,
				FC8734B21D02E1C400EB06AC /* Release */,
			);
			defaultConfigurationIsVisible = 0;
		};
/* End XCConfigurationList section */
	};
	rootObject = FC8734911D02E1C400EB06AC /* Project object */;
}
