// !$*UTF8*$!
{
	archiveVersion = 1;
	classes = {
	};
	objectVersion = 46;
	objects = {

/* Begin PBXBuildFile section */
		8B010CCF1D0C30A40033A3C0 /* main.m in Sources */ = {isa = PBXBuildFile; fileRef = 8B010CCE1D0C30A40033A3C0 /* main.m */; };
		8B010CD21D0C30A40033A3C0 /* AppDelegate.m in Sources */ = {isa = PBXBuildFile; fileRef = 8B010CD11D0C30A40033A3C0 /* AppDelegate.m */; };
		8B010CD51D0C30A40033A3C0 /* ViewController.m in Sources */ = {isa = PBXBuildFile; fileRef = 8B010CD41D0C30A40033A3C0 /* ViewController.m */; };
		8B010CD81D0C30A40033A3C0 /* Main.storyboard in Resources */ = {isa = PBXBuildFile; fileRef = 8B010CD61D0C30A40033A3C0 /* Main.storyboard */; };
		8B010CDA1D0C30A40033A3C0 /* Assets.xcassets in Resources */ = {isa = PBXBuildFile; fileRef = 8B010CD91D0C30A40033A3C0 /* Assets.xcassets */; };
		8B010CDD1D0C30A40033A3C0 /* LaunchScreen.storyboard in Resources */ = {isa = PBXBuildFile; fileRef = 8B010CDB1D0C30A40033A3C0 /* LaunchScreen.storyboard */; };
		8B010CE51D0C34BA0033A3C0 /* GoogleService-Info.plist in Resources */ = {isa = PBXBuildFile; fileRef = 8B010CE41D0C34BA0033A3C0 /* GoogleService-Info.plist */; };
		C45DC3366B0BB9CE138A4CA9 /* libPods-SocialDemo.a in Frameworks */ = {isa = PBXBuildFile; fileRef = 7D232DBCAF8CC5A383A75C48 /* libPods-SocialDemo.a */; };
/* End PBXBuildFile section */

/* Begin PBXFileReference section */
		37A2BA0813F09684D86CB9AB /* Pods-SocialDemo.debug.xcconfig */ = {isa = PBXFileReference; includeInIndex = 1; lastKnownFileType = text.xcconfig; name = "Pods-SocialDemo.debug.xcconfig"; path = "Pods/Target Support Files/Pods-SocialDemo/Pods-SocialDemo.debug.xcconfig"; sourceTree = "<group>"; };
		5C8F1C2F0E53AF42F3ECC2C4 /* Pods-SocialDemo.release.xcconfig */ = {isa = PBXFileReference; includeInIndex = 1; lastKnownFileType = text.xcconfig; name = "Pods-SocialDemo.release.xcconfig"; path = "Pods/Target Support Files/Pods-SocialDemo/Pods-SocialDemo.release.xcconfig"; sourceTree = "<group>"; };
		7D232DBCAF8CC5A383A75C48 /* libPods-SocialDemo.a */ = {isa = PBXFileReference; explicitFileType = archive.ar; includeInIndex = 0; path = "libPods-SocialDemo.a"; sourceTree = BUILT_PRODUCTS_DIR; };
		8B010CCA1D0C30A40033A3C0 /* SocialDemo.app */ = {isa = PBXFileReference; explicitFileType = wrapper.application; includeInIndex = 0; path = SocialDemo.app; sourceTree = BUILT_PRODUCTS_DIR; };
		8B010CCE1D0C30A40033A3C0 /* main.m */ = {isa = PBXFileReference; lastKnownFileType = sourcecode.c.objc; path = main.m; sourceTree = "<group>"; };
		8B010CD01D0C30A40033A3C0 /* AppDelegate.h */ = {isa = PBXFileReference; lastKnownFileType = sourcecode.c.h; path = AppDelegate.h; sourceTree = "<group>"; };
		8B010CD11D0C30A40033A3C0 /* AppDelegate.m */ = {isa = PBXFileReference; lastKnownFileType = sourcecode.c.objc; path = AppDelegate.m; sourceTree = "<group>"; };
		8B010CD31D0C30A40033A3C0 /* ViewController.h */ = {isa = PBXFileReference; lastKnownFileType = sourcecode.c.h; path = ViewController.h; sourceTree = "<group>"; };
		8B010CD41D0C30A40033A3C0 /* ViewController.m */ = {isa = PBXFileReference; lastKnownFileType = sourcecode.c.objc; path = ViewController.m; sourceTree = "<group>"; };
		8B010CD71D0C30A40033A3C0 /* Base */ = {isa = PBXFileReference; lastKnownFileType = file.storyboard; name = Base; path = Base.lproj/Main.storyboard; sourceTree = "<group>"; };
		8B010CD91D0C30A40033A3C0 /* Assets.xcassets */ = {isa = PBXFileReference; lastKnownFileType = folder.assetcatalog; path = Assets.xcassets; sourceTree = "<group>"; };
		8B010CDC1D0C30A40033A3C0 /* Base */ = {isa = PBXFileReference; lastKnownFileType = file.storyboard; name = Base; path = Base.lproj/LaunchScreen.storyboard; sourceTree = "<group>"; };
		8B010CDE1D0C30A40033A3C0 /* Info.plist */ = {isa = PBXFileReference; lastKnownFileType = text.plist.xml; path = Info.plist; sourceTree = "<group>"; };
		8B010CE41D0C34BA0033A3C0 /* GoogleService-Info.plist */ = {isa = PBXFileReference; fileEncoding = 4; lastKnownFileType = text.plist.xml; path = "GoogleService-Info.plist"; sourceTree = "<group>"; };
/* End PBXFileReference section */

/* Begin PBXFrameworksBuildPhase section */
		8B010CC71D0C30A40033A3C0 /* Frameworks */ = {
			isa = PBXFrameworksBuildPhase;
			buildActionMask = 2147483647;
			files = (
				C45DC3366B0BB9CE138A4CA9 /* libPods-SocialDemo.a in Frameworks */,
			);
			runOnlyForDeploymentPostprocessing = 0;
		};
/* End PBXFrameworksBuildPhase section */

/* Begin PBXGroup section */
		7DB4AE5AED849CF47E602518 /* Frameworks */ = {
			isa = PBXGroup;
			children = (
				7D232DBCAF8CC5A383A75C48 /* libPods-SocialDemo.a */,
			);
			name = Frameworks;
			sourceTree = "<group>";
		};
		8B010CC11D0C30A40033A3C0 = {
			isa = PBXGroup;
			children = (
				8B010CCC1D0C30A40033A3C0 /* SocialDemo */,
				8B010CCB1D0C30A40033A3C0 /* Products */,
				EAA9EE152CF7F425BA41E0AD /* Pods */,
				7DB4AE5AED849CF47E602518 /* Frameworks */,
			);
			sourceTree = "<group>";
		};
		8B010CCB1D0C30A40033A3C0 /* Products */ = {
			isa = PBXGroup;
			children = (
				8B010CCA1D0C30A40033A3C0 /* SocialDemo.app */,
			);
			name = Products;
			sourceTree = "<group>";
		};
		8B010CCC1D0C30A40033A3C0 /* SocialDemo */ = {
			isa = PBXGroup;
			children = (
				8B010CD01D0C30A40033A3C0 /* AppDelegate.h */,
				8B010CD11D0C30A40033A3C0 /* AppDelegate.m */,
				8B010CD31D0C30A40033A3C0 /* ViewController.h */,
				8B010CD41D0C30A40033A3C0 /* ViewController.m */,
				8B010CD61D0C30A40033A3C0 /* Main.storyboard */,
				8B010CD91D0C30A40033A3C0 /* Assets.xcassets */,
				8B010CDB1D0C30A40033A3C0 /* LaunchScreen.storyboard */,
				8B010CDE1D0C30A40033A3C0 /* Info.plist */,
				8B010CE41D0C34BA0033A3C0 /* GoogleService-Info.plist */,
				8B010CCD1D0C30A40033A3C0 /* Supporting Files */,
			);
			path = SocialDemo;
			sourceTree = "<group>";
		};
		8B010CCD1D0C30A40033A3C0 /* Supporting Files */ = {
			isa = PBXGroup;
			children = (
				8B010CCE1D0C30A40033A3C0 /* main.m */,
			);
			name = "Supporting Files";
			sourceTree = "<group>";
		};
		EAA9EE152CF7F425BA41E0AD /* Pods */ = {
			isa = PBXGroup;
			children = (
				37A2BA0813F09684D86CB9AB /* Pods-SocialDemo.debug.xcconfig */,
				5C8F1C2F0E53AF42F3ECC2C4 /* Pods-SocialDemo.release.xcconfig */,
			);
			name = Pods;
			sourceTree = "<group>";
		};
/* End PBXGroup section */

/* Begin PBXNativeTarget section */
		8B010CC91D0C30A40033A3C0 /* SocialDemo */ = {
			isa = PBXNativeTarget;
			buildConfigurationList = 8B010CE11D0C30A40033A3C0 /* Build configuration list for PBXNativeTarget "SocialDemo" */;
			buildPhases = (
				EA898D7C08BF30F51EC8377C /* [CP] Check Pods Manifest.lock */,
				8B010CC61D0C30A40033A3C0 /* Sources */,
				8B010CC71D0C30A40033A3C0 /* Frameworks */,
				8B010CC81D0C30A40033A3C0 /* Resources */,
				7CD8239EC4BAD58D129CE031 /* [CP] Embed Pods Frameworks */,
				30A019646A732890EBCBF7E8 /* [CP] Copy Pods Resources */,
			);
			buildRules = (
			);
			dependencies = (
			);
			name = SocialDemo;
			productName = SocialDemo;
			productReference = 8B010CCA1D0C30A40033A3C0 /* SocialDemo.app */;
			productType = "com.apple.product-type.application";
		};
/* End PBXNativeTarget section */

/* Begin PBXProject section */
		8B010CC21D0C30A40033A3C0 /* Project object */ = {
			isa = PBXProject;
			attributes = {
				LastUpgradeCheck = 0710;
				ORGANIZATIONNAME = Varun;
				TargetAttributes = {
					8B010CC91D0C30A40033A3C0 = {
						CreatedOnToolsVersion = 7.1;
					};
				};
			};
			buildConfigurationList = 8B010CC51D0C30A40033A3C0 /* Build configuration list for PBXProject "SocialDemo" */;
			compatibilityVersion = "Xcode 3.2";
			developmentRegion = English;
			hasScannedForEncodings = 0;
			knownRegions = (
				en,
				Base,
			);
			mainGroup = 8B010CC11D0C30A40033A3C0;
			productRefGroup = 8B010CCB1D0C30A40033A3C0 /* Products */;
			projectDirPath = "";
			projectRoot = "";
			targets = (
				8B010CC91D0C30A40033A3C0 /* SocialDemo */,
			);
		};
/* End PBXProject section */

/* Begin PBXResourcesBuildPhase section */
		8B010CC81D0C30A40033A3C0 /* Resources */ = {
			isa = PBXResourcesBuildPhase;
			buildActionMask = 2147483647;
			files = (
				8B010CDD1D0C30A40033A3C0 /* LaunchScreen.storyboard in Resources */,
				8B010CE51D0C34BA0033A3C0 /* GoogleService-Info.plist in Resources */,
				8B010CDA1D0C30A40033A3C0 /* Assets.xcassets in Resources */,
				8B010CD81D0C30A40033A3C0 /* Main.storyboard in Resources */,
			);
			runOnlyForDeploymentPostprocessing = 0;
		};
/* End PBXResourcesBuildPhase section */

/* Begin PBXShellScriptBuildPhase section */
		30A019646A732890EBCBF7E8 /* [CP] Copy Pods Resources */ = {
			isa = PBXShellScriptBuildPhase;
			buildActionMask = 2147483647;
			files = (
			);
			inputPaths = (
			);
			name = "[CP] Copy Pods Resources";
			outputPaths = (
			);
			runOnlyForDeploymentPostprocessing = 0;
			shellPath = /bin/sh;
			shellScript = "\"${SRCROOT}/Pods/Target Support Files/Pods-SocialDemo/Pods-SocialDemo-resources.sh\"\n";
			showEnvVarsInLog = 0;
		};
		7CD8239EC4BAD58D129CE031 /* [CP] Embed Pods Frameworks */ = {
			isa = PBXShellScriptBuildPhase;
			buildActionMask = 2147483647;
			files = (
			);
			inputPaths = (
			);
			name = "[CP] Embed Pods Frameworks";
			outputPaths = (
			);
			runOnlyForDeploymentPostprocessing = 0;
			shellPath = /bin/sh;
			shellScript = "\"${SRCROOT}/Pods/Target Support Files/Pods-SocialDemo/Pods-SocialDemo-frameworks.sh\"\n";
			showEnvVarsInLog = 0;
		};
		EA898D7C08BF30F51EC8377C /* [CP] Check Pods Manifest.lock */ = {
			isa = PBXShellScriptBuildPhase;
			buildActionMask = 2147483647;
			files = (
			);
			inputPaths = (
			);
			name = "[CP] Check Pods Manifest.lock";
			outputPaths = (
			);
			runOnlyForDeploymentPostprocessing = 0;
			shellPath = /bin/sh;
			shellScript = "diff \"${PODS_ROOT}/../Podfile.lock\" \"${PODS_ROOT}/Manifest.lock\" > /dev/null\nif [[ $? != 0 ]] ; then\n    cat << EOM\nerror: The sandbox is not in sync with the Podfile.lock. Run 'pod install' or update your CocoaPods installation.\nEOM\n    exit 1\nfi\n";
			showEnvVarsInLog = 0;
		};
/* End PBXShellScriptBuildPhase section */

/* Begin PBXSourcesBuildPhase section */
		8B010CC61D0C30A40033A3C0 /* Sources */ = {
			isa = PBXSourcesBuildPhase;
			buildActionMask = 2147483647;
			files = (
				8B010CD51D0C30A40033A3C0 /* ViewController.m in Sources */,
				8B010CD21D0C30A40033A3C0 /* AppDelegate.m in Sources */,
				8B010CCF1D0C30A40033A3C0 /* main.m in Sources */,
			);
			runOnlyForDeploymentPostprocessing = 0;
		};
/* End PBXSourcesBuildPhase section */

/* Begin PBXVariantGroup section */
		8B010CD61D0C30A40033A3C0 /* Main.storyboard */ = {
			isa = PBXVariantGroup;
			children = (
				8B010CD71D0C30A40033A3C0 /* Base */,
			);
			name = Main.storyboard;
			sourceTree = "<group>";
		};
		8B010CDB1D0C30A40033A3C0 /* LaunchScreen.storyboard */ = {
			isa = PBXVariantGroup;
			children = (
				8B010CDC1D0C30A40033A3C0 /* Base */,
			);
			name = LaunchScreen.storyboard;
			sourceTree = "<group>";
		};
/* End PBXVariantGroup section */

/* Begin XCBuildConfiguration section */
		8B010CDF1D0C30A40033A3C0 /* Debug */ = {
			isa = XCBuildConfiguration;
			buildSettings = {
				ALWAYS_SEARCH_USER_PATHS = NO;
				CLANG_CXX_LANGUAGE_STANDARD = "gnu++0x";
				CLANG_CXX_LIBRARY = "libc++";
				CLANG_ENABLE_MODULES = YES;
				CLANG_ENABLE_OBJC_ARC = YES;
				CLANG_WARN_BOOL_CONVERSION = YES;
				CLANG_WARN_CONSTANT_CONVERSION = YES;
				CLANG_WARN_DIRECT_OBJC_ISA_USAGE = YES_ERROR;
				CLANG_WARN_EMPTY_BODY = YES;
				CLANG_WARN_ENUM_CONVERSION = YES;
				CLANG_WARN_INT_CONVERSION = YES;
				CLANG_WARN_OBJC_ROOT_CLASS = YES_ERROR;
				CLANG_WARN_UNREACHABLE_CODE = YES;
				CLANG_WARN__DUPLICATE_METHOD_MATCH = YES;
				"CODE_SIGN_IDENTITY[sdk=iphoneos*]" = "iPhone Developer";
				COPY_PHASE_STRIP = NO;
				DEBUG_INFORMATION_FORMAT = dwarf;
				ENABLE_STRICT_OBJC_MSGSEND = YES;
				ENABLE_TESTABILITY = YES;
				GCC_C_LANGUAGE_STANDARD = gnu99;
				GCC_DYNAMIC_NO_PIC = NO;
				GCC_NO_COMMON_BLOCKS = YES;
				GCC_OPTIMIZATION_LEVEL = 0;
				GCC_PREPROCESSOR_DEFINITIONS = (
					"DEBUG=1",
					"$(inherited)",
				);
				GCC_WARN_64_TO_32_BIT_CONVERSION = YES;
				GCC_WARN_ABOUT_RETURN_TYPE = YES_ERROR;
				GCC_WARN_UNDECLARED_SELECTOR = YES;
				GCC_WARN_UNINITIALIZED_AUTOS = YES_AGGRESSIVE;
				GCC_WARN_UNUSED_FUNCTION = YES;
				GCC_WARN_UNUSED_VARIABLE = YES;
				IPHONEOS_DEPLOYMENT_TARGET = 9.1;
				MTL_ENABLE_DEBUG_INFO = YES;
				ONLY_ACTIVE_ARCH = YES;
				SDKROOT = iphoneos;
				TARGETED_DEVICE_FAMILY = "1,2";
			};
			name = Debug;
		};
		8B010CE01D0C30A40033A3C0 /* Release */ = {
			isa = XCBuildConfiguration;
			buildSettings = {
				ALWAYS_SEARCH_USER_PATHS = NO;
				CLANG_CXX_LANGUAGE_STANDARD = "gnu++0x";
				CLANG_CXX_LIBRARY = "libc++";
				CLANG_ENABLE_MODULES = YES;
				CLANG_ENABLE_OBJC_ARC = YES;
				CLANG_WARN_BOOL_CONVERSION = YES;
				CLANG_WARN_CONSTANT_CONVERSION = YES;
				CLANG_WARN_DIRECT_OBJC_ISA_USAGE = YES_ERROR;
				CLANG_WARN_EMPTY_BODY = YES;
				CLANG_WARN_ENUM_CONVERSION = YES;
				CLANG_WARN_INT_CONVERSION = YES;
				CLANG_WARN_OBJC_ROOT_CLASS = YES_ERROR;
				CLANG_WARN_UNREACHABLE_CODE = YES;
				CLANG_WARN__DUPLICATE_METHOD_MATCH = YES;
				"CODE_SIGN_IDENTITY[sdk=iphoneos*]" = "iPhone Developer";
				COPY_PHASE_STRIP = NO;
				DEBUG_INFORMATION_FORMAT = "dwarf-with-dsym";
				ENABLE_NS_ASSERTIONS = NO;
				ENABLE_STRICT_OBJC_MSGSEND = YES;
				GCC_C_LANGUAGE_STANDARD = gnu99;
				GCC_NO_COMMON_BLOCKS = YES;
				GCC_WARN_64_TO_32_BIT_CONVERSION = YES;
				GCC_WARN_ABOUT_RETURN_TYPE = YES_ERROR;
				GCC_WARN_UNDECLARED_SELECTOR = YES;
				GCC_WARN_UNINITIALIZED_AUTOS = YES_AGGRESSIVE;
				GCC_WARN_UNUSED_FUNCTION = YES;
				GCC_WARN_UNUSED_VARIABLE = YES;
				IPHONEOS_DEPLOYMENT_TARGET = 9.1;
				MTL_ENABLE_DEBUG_INFO = NO;
				SDKROOT = iphoneos;
				TARGETED_DEVICE_FAMILY = "1,2";
				VALIDATE_PRODUCT = YES;
			};
			name = Release;
		};
		8B010CE21D0C30A40033A3C0 /* Debug */ = {
			isa = XCBuildConfiguration;
			baseConfigurationReference = 37A2BA0813F09684D86CB9AB /* Pods-SocialDemo.debug.xcconfig */;
			buildSettings = {
				ASSETCATALOG_COMPILER_APPICON_NAME = AppIcon;
				INFOPLIST_FILE = SocialDemo/Info.plist;
				LD_RUNPATH_SEARCH_PATHS = "$(inherited) @executable_path/Frameworks";
				PRODUCT_BUNDLE_IDENTIFIER = com.codekul.socialdemo;
				PRODUCT_NAME = "$(TARGET_NAME)";
			};
			name = Debug;
		};
		8B010CE31D0C30A40033A3C0 /* Release */ = {
			isa = XCBuildConfiguration;
			baseConfigurationReference = 5C8F1C2F0E53AF42F3ECC2C4 /* Pods-SocialDemo.release.xcconfig */;
			buildSettings = {
				ASSETCATALOG_COMPILER_APPICON_NAME = AppIcon;
				INFOPLIST_FILE = SocialDemo/Info.plist;
				LD_RUNPATH_SEARCH_PATHS = "$(inherited) @executable_path/Frameworks";
				PRODUCT_BUNDLE_IDENTIFIER = com.codekul.socialdemo;
				PRODUCT_NAME = "$(TARGET_NAME)";
			};
			name = Release;
		};
/* End XCBuildConfiguration section */

/* Begin XCConfigurationList section */
		8B010CC51D0C30A40033A3C0 /* Build configuration list for PBXProject "SocialDemo" */ = {
			isa = XCConfigurationList;
			buildConfigurations = (
				8B010CDF1D0C30A40033A3C0 /* Debug */,
				8B010CE01D0C30A40033A3C0 /* Release */,
			);
			defaultConfigurationIsVisible = 0;
			defaultConfigurationName = Release;
		};
		8B010CE11D0C30A40033A3C0 /* Build configuration list for PBXNativeTarget "SocialDemo" */ = {
			isa = XCConfigurationList;
			buildConfigurations = (
				8B010CE21D0C30A40033A3C0 /* Debug */,
				8B010CE31D0C30A40033A3C0 /* Release */,
			);
			defaultConfigurationIsVisible = 0;
			defaultConfigurationName = Release;
		};
/* End XCConfigurationList section */
	};
	rootObject = 8B010CC21D0C30A40033A3C0 /* Project object */;
}
